
Microsoft Visual Studio Solution File, Format Version 12.00
# Visual Studio Version 17
VisualStudioVersion = 17.8.34525.116
MinimumVisualStudioVersion = 10.0.40219.1
Project("{FAE04EC0-301F-11D3-BF4B-00C04F79EFBC}") = "ConsoleApp1", "ConsoleApp1.csproj", "{C57AAFC2-9B09-4CD4-A496-A6C78E309931}"
EndProject
Global
	GlobalSection(SolutionConfigurationPlatforms) = preSolution
		Debug|Any CPU = Debug|Any CPU
		Release|Any CPU = Release|Any CPU
	EndGlobalSection
	GlobalSection(ProjectConfigurationPlatforms) = postSolution
		{C57AAFC2-9B09-4CD4-A496-A6C78E309931}.Debug|Any CPU.ActiveCfg = Debug|Any CPU
		{C57AAFC2-9B09-4CD4-A496-A6C78E309931}.Debug|Any CPU.Build.0 = Debug|Any CPU
		{C57AAFC2-9B09-4CD4-A496-A6C78E309931}.Release|Any CPU.ActiveCfg = Release|Any CPU
		{C57AAFC2-9B09-4CD4-A496-A6C78E309931}.Release|Any CPU.Build.0 = Release|Any CPU
	EndGlobalSection
	GlobalSection(SolutionProperties) = preSolution
		HideSolutionNode = FALSE
	EndGlobalSection
	GlobalSection(ExtensibilityGlobals) = postSolution
		SolutionGuid = {7954C162-6B14-4234-A94F-9AA76821EE17}
	EndGlobalSection
EndGlobal
